// !$*UTF8*$!
{
	archiveVersion = 1;
	classes = {
	};
	objectVersion = 56;
	objects = {

/* Begin PBXBuildFile section */
		15EF2C172AD90338003B1918 /* MyContactsApp.swift in Sources */ = {isa = PBXBuildFile; fileRef = 15EF2C162AD90338003B1918 /* MyContactsApp.swift */; };
		15EF2C192AD90338003B1918 /* ContentView.swift in Sources */ = {isa = PBXBuildFile; fileRef = 15EF2C182AD90338003B1918 /* ContentView.swift */; };
		15EF2C1B2AD9033A003B1918 /* Assets.xcassets in Resources */ = {isa = PBXBuildFile; fileRef = 15EF2C1A2AD9033A003B1918 /* Assets.xcassets */; };
		15EF2C1E2AD9033A003B1918 /* Preview Assets.xcassets in Resources */ = {isa = PBXBuildFile; fileRef = 15EF2C1D2AD9033A003B1918 /* Preview Assets.xcassets */; };
		15EF2C232AD9033A003B1918 /* Contacts.xcdatamodeld in Sources */ = {isa = PBXBuildFile; fileRef = 15EF2C212AD9033A003B1918 /* Contacts.xcdatamodeld */; };
		15EF2C2B2AD903AF003B1918 /* AppDelegate.swift in Sources */ = {isa = PBXBuildFile; fileRef = 15EF2C2A2AD903AF003B1918 /* AppDelegate.swift */; };
		15EF2C2D2AD903C5003B1918 /* SceneDelegate.swift in Sources */ = {isa = PBXBuildFile; fileRef = 15EF2C2C2AD903C5003B1918 /* SceneDelegate.swift */; };
		15EF2C302AD903F4003B1918 /* ContactRow.swift in Sources */ = {isa = PBXBuildFile; fileRef = 15EF2C2F2AD903F4003B1918 /* ContactRow.swift */; };
		15EF2C322AD90400003B1918 /* ContactDetail.swift in Sources */ = {isa = PBXBuildFile; fileRef = 15EF2C312AD90400003B1918 /* ContactDetail.swift */; };
		15EF2C342AD90419003B1918 /* AddContact.swift in Sources */ = {isa = PBXBuildFile; fileRef = 15EF2C332AD90419003B1918 /* AddContact.swift */; };
		15EF2C362AD90449003B1918 /* PhotoCaptureView.swift in Sources */ = {isa = PBXBuildFile; fileRef = 15EF2C352AD90449003B1918 /* PhotoCaptureView.swift */; };
		15EF2C392AD90472003B1918 /* Contact.swift in Sources */ = {isa = PBXBuildFile; fileRef = 15EF2C382AD90472003B1918 /* Contact.swift */; };
		15EF2C3B2AD904A2003B1918 /* ImagePicker.swift in Sources */ = {isa = PBXBuildFile; fileRef = 15EF2C3A2AD904A2003B1918 /* ImagePicker.swift */; };
		15EF2C3D2AD904C7003B1918 /* ImagePickerCoordinator.swift in Sources */ = {isa = PBXBuildFile; fileRef = 15EF2C3C2AD904C7003B1918 /* ImagePickerCoordinator.swift */; };
		15EF2C3F2AD904E8003B1918 /* AnyGestureRecognizer.swift in Sources */ = {isa = PBXBuildFile; fileRef = 15EF2C3E2AD904E8003B1918 /* AnyGestureRecognizer.swift */; };
		15EF2C412AD9057E003B1918 /* ViewModel.swift in Sources */ = {isa = PBXBuildFile; fileRef = 15EF2C402AD9057E003B1918 /* ViewModel.swift */; };
/* End PBXBuildFile section */

/* Begin PBXFileReference section */
		15EF2C132AD90338003B1918 /* MyContacts.app */ = {isa = PBXFileReference; explicitFileType = wrapper.application; includeInIndex = 0; path = MyContacts.app; sourceTree = BUILT_PRODUCTS_DIR; };
		15EF2C162AD90338003B1918 /* MyContactsApp.swift */ = {isa = PBXFileReference; lastKnownFileType = sourcecode.swift; path = MyContactsApp.swift; sourceTree = "<group>"; };
		15EF2C182AD90338003B1918 /* ContentView.swift */ = {isa = PBXFileReference; lastKnownFileType = sourcecode.swift; path = ContentView.swift; sourceTree = "<group>"; };
		15EF2C1A2AD9033A003B1918 /* Assets.xcassets */ = {isa = PBXFileReference; lastKnownFileType = folder.assetcatalog; path = Assets.xcassets; sourceTree = "<group>"; };
		15EF2C1D2AD9033A003B1918 /* Preview Assets.xcassets */ = {isa = PBXFileReference; lastKnownFileType = folder.assetcatalog; path = "Preview Assets.xcassets"; sourceTree = "<group>"; };
		15EF2C222AD9033A003B1918 /* MyContacts.xcdatamodel */ = {isa = PBXFileReference; lastKnownFileType = wrapper.xcdatamodel; path = MyContacts.xcdatamodel; sourceTree = "<group>"; };
		15EF2C242AD9033A003B1918 /* Info.plist */ = {isa = PBXFileReference; lastKnownFileType = text.plist.xml; path = Info.plist; sourceTree = "<group>"; };
		15EF2C2A2AD903AF003B1918 /* AppDelegate.swift */ = {isa = PBXFileReference; lastKnownFileType = sourcecode.swift; path = AppDelegate.swift; sourceTree = "<group>"; };
		15EF2C2C2AD903C5003B1918 /* SceneDelegate.swift */ = {isa = PBXFileReference; lastKnownFileType = sourcecode.swift; path = SceneDelegate.swift; sourceTree = "<group>"; };
		15EF2C2F2AD903F4003B1918 /* ContactRow.swift */ = {isa = PBXFileReference; lastKnownFileType = sourcecode.swift; path = ContactRow.swift; sourceTree = "<group>"; };
		15EF2C312AD90400003B1918 /* ContactDetail.swift */ = {isa = PBXFileReference; lastKnownFileType = sourcecode.swift; path = ContactDetail.swift; sourceTree = "<group>"; };
		15EF2C332AD90419003B1918 /* AddContact.swift */ = {isa = PBXFileReference; lastKnownFileType = sourcecode.swift; path = AddContact.swift; sourceTree = "<group>"; };
		15EF2C352AD90449003B1918 /* PhotoCaptureView.swift */ = {isa = PBXFileReference; lastKnownFileType = sourcecode.swift; path = PhotoCaptureView.swift; sourceTree = "<group>"; };
		15EF2C382AD90472003B1918 /* Contact.swift */ = {isa = PBXFileReference; lastKnownFileType = sourcecode.swift; path = Contact.swift; sourceTree = "<group>"; };
		15EF2C3A2AD904A2003B1918 /* ImagePicker.swift */ = {isa = PBXFileReference; lastKnownFileType = sourcecode.swift; path = ImagePicker.swift; sourceTree = "<group>"; };
		15EF2C3C2AD904C7003B1918 /* ImagePickerCoordinator.swift */ = {isa = PBXFileReference; lastKnownFileType = sourcecode.swift; path = ImagePickerCoordinator.swift; sourceTree = "<group>"; };
		15EF2C3E2AD904E8003B1918 /* AnyGestureRecognizer.swift */ = {isa = PBXFileReference; lastKnownFileType = sourcecode.swift; path = AnyGestureRecognizer.swift; sourceTree = "<group>"; };
		15EF2C402AD9057E003B1918 /* ViewModel.swift */ = {isa = PBXFileReference; lastKnownFileType = sourcecode.swift; path = ViewModel.swift; sourceTree = "<group>"; };
/* End PBXFileReference section */

/* Begin PBXFrameworksBuildPhase section */
		15EF2C102AD90338003B1918 /* Frameworks */ = {
			isa = PBXFrameworksBuildPhase;
			buildActionMask = 2147483647;
			files = (
			);
			runOnlyForDeploymentPostprocessing = 0;
		};
/* End PBXFrameworksBuildPhase section */

/* Begin PBXGroup section */
		15EF2C0A2AD90338003B1918 = {
			isa = PBXGroup;
			children = (
				15EF2C152AD90338003B1918 /* MyContacts */,
				15EF2C142AD90338003B1918 /* Products */,
			);
			sourceTree = "<group>";
		};
		15EF2C142AD90338003B1918 /* Products */ = {
			isa = PBXGroup;
			children = (
				15EF2C132AD90338003B1918 /* MyContacts.app */,
			);
			name = Products;
			sourceTree = "<group>";
		};
		15EF2C152AD90338003B1918 /* MyContacts */ = {
			isa = PBXGroup;
			children = (
				15EF2C162AD90338003B1918 /* MyContactsApp.swift */,
				15EF2C402AD9057E003B1918 /* ViewModel.swift */,
				15EF2C182AD90338003B1918 /* ContentView.swift */,
				15EF2C2A2AD903AF003B1918 /* AppDelegate.swift */,
				15EF2C2C2AD903C5003B1918 /* SceneDelegate.swift */,
				15EF2C372AD90462003B1918 /* Models */,
				15EF2C2E2AD903DB003B1918 /* Views */,
				15EF2C1A2AD9033A003B1918 /* Assets.xcassets */,
				15EF2C242AD9033A003B1918 /* Info.plist */,
				15EF2C212AD9033A003B1918 /* Contacts.xcdatamodeld */,
				15EF2C1C2AD9033A003B1918 /* Preview Content */,
			);
			path = MyContacts;
			sourceTree = "<group>";
		};
		15EF2C1C2AD9033A003B1918 /* Preview Content */ = {
			isa = PBXGroup;
			children = (
				15EF2C1D2AD9033A003B1918 /* Preview Assets.xcassets */,
			);
			path = "Preview Content";
			sourceTree = "<group>";
		};
		15EF2C2E2AD903DB003B1918 /* Views */ = {
			isa = PBXGroup;
			children = (
				15EF2C2F2AD903F4003B1918 /* ContactRow.swift */,
				15EF2C312AD90400003B1918 /* ContactDetail.swift */,
				15EF2C332AD90419003B1918 /* AddContact.swift */,
				15EF2C352AD90449003B1918 /* PhotoCaptureView.swift */,
			);
			path = Views;
			sourceTree = "<group>";
		};
		15EF2C372AD90462003B1918 /* Models */ = {
			isa = PBXGroup;
			children = (
				15EF2C382AD90472003B1918 /* Contact.swift */,
				15EF2C3A2AD904A2003B1918 /* ImagePicker.swift */,
				15EF2C3C2AD904C7003B1918 /* ImagePickerCoordinator.swift */,
				15EF2C3E2AD904E8003B1918 /* AnyGestureRecognizer.swift */,
			);
			path = Models;
			sourceTree = "<group>";
		};
/* End PBXGroup section */

/* Begin PBXNativeTarget section */
		15EF2C122AD90338003B1918 /* MyContacts */ = {
			isa = PBXNativeTarget;
			buildConfigurationList = 15EF2C272AD9033A003B1918 /* Build configuration list for PBXNativeTarget "MyContacts" */;
			buildPhases = (
				15EF2C0F2AD90338003B1918 /* Sources */,
				15EF2C102AD90338003B1918 /* Frameworks */,
				15EF2C112AD90338003B1918 /* Resources */,
			);
			buildRules = (
			);
			dependencies = (
			);
			name = MyContacts;
			productName = MyContacts;
			productReference = 15EF2C132AD90338003B1918 /* MyContacts.app */;
			productType = "com.apple.product-type.application";
		};
/* End PBXNativeTarget section */

/* Begin PBXProject section */
		15EF2C0B2AD90338003B1918 /* Project object */ = {
			isa = PBXProject;
			attributes = {
				BuildIndependentTargetsInParallel = 1;
				LastSwiftUpdateCheck = 1420;
				LastUpgradeCheck = 1420;
				TargetAttributes = {
					15EF2C122AD90338003B1918 = {
						CreatedOnToolsVersion = 14.2;
					};
				};
			};
			buildConfigurationList = 15EF2C0E2AD90338003B1918 /* Build configuration list for PBXProject "MyContacts" */;
			compatibilityVersion = "Xcode 14.0";
			developmentRegion = en;
			hasScannedForEncodings = 0;
			knownRegions = (
				en,
				Base,
			);
			mainGroup = 15EF2C0A2AD90338003B1918;
			productRefGroup = 15EF2C142AD90338003B1918 /* Products */;
			projectDirPath = "";
			projectRoot = "";
			targets = (
				15EF2C122AD90338003B1918 /* MyContacts */,
			);
		};
/* End PBXProject section */

/* Begin PBXResourcesBuildPhase section */
		15EF2C112AD90338003B1918 /* Resources */ = {
			isa = PBXResourcesBuildPhase;
			buildActionMask = 2147483647;
			files = (
				15EF2C1E2AD9033A003B1918 /* Preview Assets.xcassets in Resources */,
				15EF2C1B2AD9033A003B1918 /* Assets.xcassets in Resources */,
			);
			runOnlyForDeploymentPostprocessing = 0;
		};
/* End PBXResourcesBuildPhase section */

/* Begin PBXSourcesBuildPhase section */
		15EF2C0F2AD90338003B1918 /* Sources */ = {
			isa = PBXSourcesBuildPhase;
			buildActionMask = 2147483647;
			files = (
				15EF2C232AD9033A003B1918 /* Contacts.xcdatamodeld in Sources */,
				15EF2C192AD90338003B1918 /* ContentView.swift in Sources */,
				15EF2C3D2AD904C7003B1918 /* ImagePickerCoordinator.swift in Sources */,
				15EF2C342AD90419003B1918 /* AddContact.swift in Sources */,
				15EF2C362AD90449003B1918 /* PhotoCaptureView.swift in Sources */,
				15EF2C2B2AD903AF003B1918 /* AppDelegate.swift in Sources */,
				15EF2C392AD90472003B1918 /* Contact.swift in Sources */,
				15EF2C172AD90338003B1918 /* MyContactsApp.swift in Sources */,
				15EF2C322AD90400003B1918 /* ContactDetail.swift in Sources */,
				15EF2C412AD9057E003B1918 /* ViewModel.swift in Sources */,
				15EF2C3B2AD904A2003B1918 /* ImagePicker.swift in Sources */,
				15EF2C302AD903F4003B1918 /* ContactRow.swift in Sources */,
				15EF2C3F2AD904E8003B1918 /* AnyGestureRecognizer.swift in Sources */,
				15EF2C2D2AD903C5003B1918 /* SceneDelegate.swift in Sources */,
			);
			runOnlyForDeploymentPostprocessing = 0;
		};
/* End PBXSourcesBuildPhase section */

/* Begin XCBuildConfiguration section */
		15EF2C252AD9033A003B1918 /* Debug */ = {
			isa = XCBuildConfiguration;
			buildSettings = {
				ALWAYS_SEARCH_USER_PATHS = NO;
				CLANG_ANALYZER_NONNULL = YES;
				CLANG_ANALYZER_NUMBER_OBJECT_CONVERSION = YES_AGGRESSIVE;
				CLANG_CXX_LANGUAGE_STANDARD = "gnu++20";
				CLANG_ENABLE_MODULES = YES;
				CLANG_ENABLE_OBJC_ARC = YES;
				CLANG_ENABLE_OBJC_WEAK = YES;
				CLANG_WARN_BLOCK_CAPTURE_AUTORELEASING = YES;
				CLANG_WARN_BOOL_CONVERSION = YES;
				CLANG_WARN_COMMA = YES;
				CLANG_WARN_CONSTANT_CONVERSION = YES;
				CLANG_WARN_DEPRECATED_OBJC_IMPLEMENTATIONS = YES;
				CLANG_WARN_DIRECT_OBJC_ISA_USAGE = YES_ERROR;
				CLANG_WARN_DOCUMENTATION_COMMENTS = YES;
				CLANG_WARN_EMPTY_BODY = YES;
				CLANG_WARN_ENUM_CONVERSION = YES;
				CLANG_WARN_INFINITE_RECURSION = YES;
				CLANG_WARN_INT_CONVERSION = YES;
				CLANG_WARN_NON_LITERAL_NULL_CONVERSION = YES;
				CLANG_WARN_OBJC_IMPLICIT_RETAIN_SELF = YES;
				CLANG_WARN_OBJC_LITERAL_CONVERSION = YES;
				CLANG_WARN_OBJC_ROOT_CLASS = YES_ERROR;
				CLANG_WARN_QUOTED_INCLUDE_IN_FRAMEWORK_HEADER = YES;
				CLANG_WARN_RANGE_LOOP_ANALYSIS = YES;
				CLANG_WARN_STRICT_PROTOTYPES = YES;
				CLANG_WARN_SUSPICIOUS_MOVE = YES;
				CLANG_WARN_UNGUARDED_AVAILABILITY = YES_AGGRESSIVE;
				CLANG_WARN_UNREACHABLE_CODE = YES;
				CLANG_WARN__DUPLICATE_METHOD_MATCH = YES;
				COPY_PHASE_STRIP = NO;
				DEBUG_INFORMATION_FORMAT = dwarf;
				ENABLE_STRICT_OBJC_MSGSEND = YES;
				ENABLE_TESTABILITY = YES;
				GCC_C_LANGUAGE_STANDARD = gnu11;
				GCC_DYNAMIC_NO_PIC = NO;
				GCC_NO_COMMON_BLOCKS = YES;
				GCC_OPTIMIZATION_LEVEL = 0;
				GCC_PREPROCESSOR_DEFINITIONS = (
					"DEBUG=1",
					"$(inherited)",
				);
				GCC_WARN_64_TO_32_BIT_CONVERSION = YES;
				GCC_WARN_ABOUT_RETURN_TYPE = YES_ERROR;
				GCC_WARN_UNDECLARED_SELECTOR = YES;
				GCC_WARN_UNINITIALIZED_AUTOS = YES_AGGRESSIVE;
				GCC_WARN_UNUSED_FUNCTION = YES;
				GCC_WARN_UNUSED_VARIABLE = YES;
				IPHONEOS_DEPLOYMENT_TARGET = 16.2;
				MTL_ENABLE_DEBUG_INFO = INCLUDE_SOURCE;
				MTL_FAST_MATH = YES;
				ONLY_ACTIVE_ARCH = YES;
				SDKROOT = iphoneos;
				SWIFT_ACTIVE_COMPILATION_CONDITIONS = DEBUG;
				SWIFT_OPTIMIZATION_LEVEL = "-Onone";
			};
			name = Debug;
		};
		15EF2C262AD9033A003B1918 /* Release */ = {
			isa = XCBuildConfiguration;
			buildSettings = {
				ALWAYS_SEARCH_USER_PATHS = NO;
				CLANG_ANALYZER_NONNULL = YES;
				CLANG_ANALYZER_NUMBER_OBJECT_CONVERSION = YES_AGGRESSIVE;
				CLANG_CXX_LANGUAGE_STANDARD = "gnu++20";
				CLANG_ENABLE_MODULES = YES;
				CLANG_ENABLE_OBJC_ARC = YES;
				CLANG_ENABLE_OBJC_WEAK = YES;
				CLANG_WARN_BLOCK_CAPTURE_AUTORELEASING = YES;
				CLANG_WARN_BOOL_CONVERSION = YES;
				CLANG_WARN_COMMA = YES;
				CLANG_WARN_CONSTANT_CONVERSION = YES;
				CLANG_WARN_DEPRECATED_OBJC_IMPLEMENTATIONS = YES;
				CLANG_WARN_DIRECT_OBJC_ISA_USAGE = YES_ERROR;
				CLANG_WARN_DOCUMENTATION_COMMENTS = YES;
				CLANG_WARN_EMPTY_BODY = YES;
				CLANG_WARN_ENUM_CONVERSION = YES;
				CLANG_WARN_INFINITE_RECURSION = YES;
				CLANG_WARN_INT_CONVERSION = YES;
				CLANG_WARN_NON_LITERAL_NULL_CONVERSION = YES;
				CLANG_WARN_OBJC_IMPLICIT_RETAIN_SELF = YES;
				CLANG_WARN_OBJC_LITERAL_CONVERSION = YES;
				CLANG_WARN_OBJC_ROOT_CLASS = YES_ERROR;
				CLANG_WARN_QUOTED_INCLUDE_IN_FRAMEWORK_HEADER = YES;
				CLANG_WARN_RANGE_LOOP_ANALYSIS = YES;
				CLANG_WARN_STRICT_PROTOTYPES = YES;
				CLANG_WARN_SUSPICIOUS_MOVE = YES;
				CLANG_WARN_UNGUARDED_AVAILABILITY = YES_AGGRESSIVE;
				CLANG_WARN_UNREACHABLE_CODE = YES;
				CLANG_WARN__DUPLICATE_METHOD_MATCH = YES;
				COPY_PHASE_STRIP = NO;
				DEBUG_INFORMATION_FORMAT = "dwarf-with-dsym";
				ENABLE_NS_ASSERTIONS = NO;
				ENABLE_STRICT_OBJC_MSGSEND = YES;
				GCC_C_LANGUAGE_STANDARD = gnu11;
				GCC_NO_COMMON_BLOCKS = YES;
				GCC_WARN_64_TO_32_BIT_CONVERSION = YES;
				GCC_WARN_ABOUT_RETURN_TYPE = YES_ERROR;
				GCC_WARN_UNDECLARED_SELECTOR = YES;
				GCC_WARN_UNINITIALIZED_AUTOS = YES_AGGRESSIVE;
				GCC_WARN_UNUSED_FUNCTION = YES;
				GCC_WARN_UNUSED_VARIABLE = YES;
				IPHONEOS_DEPLOYMENT_TARGET = 16.2;
				MTL_ENABLE_DEBUG_INFO = NO;
				MTL_FAST_MATH = YES;
				SDKROOT = iphoneos;
				SWIFT_COMPILATION_MODE = wholemodule;
				SWIFT_OPTIMIZATION_LEVEL = "-O";
				VALIDATE_PRODUCT = YES;
			};
			name = Release;
		};
		15EF2C282AD9033A003B1918 /* Debug */ = {
			isa = XCBuildConfiguration;
			buildSettings = {
				ASSETCATALOG_COMPILER_APPICON_NAME = AppIcon;
				ASSETCATALOG_COMPILER_GLOBAL_ACCENT_COLOR_NAME = AccentColor;
				CODE_SIGN_STYLE = Automatic;
				CURRENT_PROJECT_VERSION = 1;
				DEVELOPMENT_ASSET_PATHS = "\"MyContacts/Preview Content\"";
				DEVELOPMENT_TEAM = 95RHN9PF89;
				ENABLE_PREVIEWS = YES;
				GENERATE_INFOPLIST_FILE = YES;
				INFOPLIST_KEY_UIApplicationSceneManifest_Generation = YES;
				INFOPLIST_KEY_UIApplicationSupportsIndirectInputEvents = YES;
				INFOPLIST_KEY_UILaunchScreen_Generation = YES;
				INFOPLIST_KEY_UISupportedInterfaceOrientations_iPad = "UIInterfaceOrientationPortrait UIInterfaceOrientationPortraitUpsideDown UIInterfaceOrientationLandscapeLeft UIInterfaceOrientationLandscapeRight";
				INFOPLIST_KEY_UISupportedInterfaceOrientations_iPhone = "UIInterfaceOrientationPortrait UIInterfaceOrientationLandscapeLeft UIInterfaceOrientationLandscapeRight";
				LD_RUNPATH_SEARCH_PATHS = (
					"$(inherited)",
					"@executable_path/Frameworks",
				);
				MARKETING_VERSION = 1.0;
				PRODUCT_BUNDLE_IDENTIFIER = lab6.MyContacts;
				PRODUCT_NAME = "$(TARGET_NAME)";
				SWIFT_EMIT_LOC_STRINGS = YES;
				SWIFT_VERSION = 5.0;
				TARGETED_DEVICE_FAMILY = "1,2";
			};
			name = Debug;
		};
		15EF2C292AD9033A003B1918 /* Release */ = {
			isa = XCBuildConfiguration;
			buildSettings = {
				ASSETCATALOG_COMPILER_APPICON_NAME = AppIcon;
				ASSETCATALOG_COMPILER_GLOBAL_ACCENT_COLOR_NAME = AccentColor;
				CODE_SIGN_STYLE = Automatic;
				CURRENT_PROJECT_VERSION = 1;
				DEVELOPMENT_ASSET_PATHS = "\"MyContacts/Preview Content\"";
				DEVELOPMENT_TEAM = 95RHN9PF89;
				ENABLE_PREVIEWS = YES;
				GENERATE_INFOPLIST_FILE = YES;
				INFOPLIST_KEY_UIApplicationSceneManifest_Generation = YES;
				INFOPLIST_KEY_UIApplicationSupportsIndirectInputEvents = YES;
				INFOPLIST_KEY_UILaunchScreen_Generation = YES;
				INFOPLIST_KEY_UISupportedInterfaceOrientations_iPad = "UIInterfaceOrientationPortrait UIInterfaceOrientationPortraitUpsideDown UIInterfaceOrientationLandscapeLeft UIInterfaceOrientationLandscapeRight";
				INFOPLIST_KEY_UISupportedInterfaceOrientations_iPhone = "UIInterfaceOrientationPortrait UIInterfaceOrientationLandscapeLeft UIInterfaceOrientationLandscapeRight";
				LD_RUNPATH_SEARCH_PATHS = (
					"$(inherited)",
					"@executable_path/Frameworks",
				);
				MARKETING_VERSION = 1.0;
				PRODUCT_BUNDLE_IDENTIFIER = lab6.MyContacts;
				PRODUCT_NAME = "$(TARGET_NAME)";
				SWIFT_EMIT_LOC_STRINGS = YES;
				SWIFT_VERSION = 5.0;
				TARGETED_DEVICE_FAMILY = "1,2";
			};
			name = Release;
		};
/* End XCBuildConfiguration section */

/* Begin XCConfigurationList section */
		15EF2C0E2AD90338003B1918 /* Build configuration list for PBXProject "MyContacts" */ = {
			isa = XCConfigurationList;
			buildConfigurations = (
				15EF2C252AD9033A003B1918 /* Debug */,
				15EF2C262AD9033A003B1918 /* Release */,
			);
			defaultConfigurationIsVisible = 0;
			defaultConfigurationName = Release;
		};
		15EF2C272AD9033A003B1918 /* Build configuration list for PBXNativeTarget "MyContacts" */ = {
			isa = XCConfigurationList;
			buildConfigurations = (
				15EF2C282AD9033A003B1918 /* Debug */,
				15EF2C292AD9033A003B1918 /* Release */,
			);
			defaultConfigurationIsVisible = 0;
			defaultConfigurationName = Release;
		};
/* End XCConfigurationList section */

/* Begin XCVersionGroup section */
		15EF2C212AD9033A003B1918 /* Contacts.xcdatamodeld */ = {
			isa = XCVersionGroup;
			children = (
				15EF2C222AD9033A003B1918 /* MyContacts.xcdatamodel */,
			);
			currentVersion = 15EF2C222AD9033A003B1918 /* MyContacts.xcdatamodel */;
			path = Contacts.xcdatamodeld;
			sourceTree = "<group>";
			versionGroupType = wrapper.xcdatamodel;
		};
/* End XCVersionGroup section */
	};
	rootObject = 15EF2C0B2AD90338003B1918 /* Project object */;
}
